{
    "_meta": {
        "hash": {
            "sha256": "82d8edae73bf0ae6872fd12186453be1affa12e6c8e686f717d7660d630d1eec"
        },
        "pipfile-spec": 6,
        "requires": {
            "python_version": "3.12"
        },
        "sources": [
            {
                "name": "pypi",
                "url": "https://pypi.org/simple",
                "verify_ssl": true
            }
        ]
    },
    "default": {
        "asgiref": {
            "hashes": [
                "sha256:89b2ef2247e3b562a16eef663bc0e2e703ec6468e2fa8a5cd61cd449786d4f6e",
                "sha256:9e0ce3aa93a819ba5b45120216b23878cf6e8525eb3848653452b4192b92afed"
            ],
            "markers": "python_version >= '3.7'",
            "version": "==3.7.2"
        },
        "django": {
            "hashes": [
                "sha256:3a9fd52b8dbeae335ddf4a9dfa6c6a0853a1122f1fb071a8d5eca979f73a05c8",
                "sha256:7d29e14dfbc19cb6a95a4bd669edbde11f5d4c6a71fdaa42c2d40b6846e807f7"
            ],
            "index": "pypi",
            "markers": "python_version >= '3.10'",
            "version": "==5.0"
        },
        "django-debug-toolbar": {
            "hashes": [
                "sha256:af99128c06e8e794479e65ab62cc6c7d1e74e1c19beb44dcbf9bad7a9c017327",
                "sha256:bc7fdaafafcdedefcc67a4a5ad9dac96efd6e41db15bc74d402a54a2ba4854dc"
            ],
            "index": "pypi",
            "markers": "python_version >= '3.8'",
            "version": "==4.2.0"
        },
        "sqlparse": {
            "hashes": [
                "sha256:714d0a4932c059d16189f58ef5411ec2287a4360f17cdd0edd2d09d4c5087c93",
                "sha256:c204494cd97479d0e39f28c93d46c0b2d5959c7b9ab904762ea6c7af211c8663"
            ],
            "index": "pypi",
            "markers": "python_version >= '3.8'",
            "version": "==0.5.0"
        },
        "tzdata": {
            "hashes": [
                "sha256:11ef1e08e54acb0d4f95bdb1be05da659673de4acbd21bf9c69e94cc5e907a3a",
                "sha256:7e65763eef3120314099b6939b5546db7adce1e7d6f2e179e3df563c70511eda"
            ],
            "markers": "sys_platform == 'win32'",
            "version": "==2023.3"
        }
    },
    "develop": {}
}
